{
    "_meta": {
        "hash": {
            "sha256": "7d99e4d23c4609a6ce3787626c33e73daed0a4612e55ac42b0b1e6a576c56239"
        },
        "pipfile-spec": 6,
        "requires": {},
        "sources": [
            {
                "name": "pypi",
                "url": "https://pypi.python.org/simple",
                "verify_ssl": true
            }
        ]
    },
    "default": {
        "asn1crypto": {
            "hashes": [
                "sha256:13ae38502be632115abf8a24cbe5f4da52e3b5231990aff31123c805306ccb9c",
                "sha256:db4e40728b728508912cbb3d44f19ce188f218e9eba635821bb4b68564f8fd67"
            ],
            "version": "==1.5.1"
        },
        "bcrypt": {
            "hashes": [
                "sha256:2b02d6bfc6336d1094276f3f588aa1225a598e27f8e3388f4db9948cb707b521",
                "sha256:433c410c2177057705da2a9f2cd01dd157493b2a7ac14c8593a16b3dab6b6bfb",
                "sha256:4e029cef560967fb0cf4a802bcf4d562d3d6b4b1bf81de5ec1abbe0f1adb027e",
                "sha256:61bae49580dce88095d669226d5076d0b9d927754cedbdf76c6c9f5099ad6f26",
                "sha256:6d2cb9d969bfca5bc08e45864137276e4c3d3d7de2b162171def3d188bf9d34a",
                "sha256:7180d98a96f00b1050e93f5b0f556e658605dd9f524d0b0e68ae7944673f525e",
                "sha256:7d9ba2e41e330d2af4af6b1b6ec9e6128e91343d0b4afb9282e54e5508f31baa",
                "sha256:7ff2069240c6bbe49109fe84ca80508773a904f5a8cb960e02a977f7f519b129",
                "sha256:88273d806ab3a50d06bc6a2fc7c87d737dd669b76ad955f449c43095389bc8fb",
                "sha256:a2c46100e315c3a5b90fdc53e429c006c5f962529bc27e1dfd656292c20ccc40",
                "sha256:cd43303d6b8a165c29ec6756afd169faba9396a9472cdff753fe9f19b96ce2fa"
            ],
            "markers": "python_version >= '3.6'",
            "version": "==3.2.2"
        },
        "certifi": {
            "hashes": [
                "sha256:9c5705e395cd70084351dd8ad5c41e65655e08ce46f2ec9cf6c2c08390f71eb7",
                "sha256:f1d53542ee8cbedbe2118b5686372fb33c297fcd6379b050cca0ef13a597382a"
            ],
            "markers": "python_version >= '3.6'",
            "version": "==2022.5.18.1"
        },
        "cffi": {
            "hashes": [
                "sha256:00c878c90cb53ccfaae6b8bc18ad05d2036553e6d9d1d9dbcf323bbe83854ca3",
                "sha256:0104fb5ae2391d46a4cb082abdd5c69ea4eab79d8d44eaaf79f1b1fd806ee4c2",
                "sha256:06c48159c1abed75c2e721b1715c379fa3200c7784271b3c46df01383b593636",
                "sha256:0808014eb713677ec1292301ea4c81ad277b6cdf2fdd90fd540af98c0b101d20",
                "sha256:10dffb601ccfb65262a27233ac273d552ddc4d8ae1bf93b21c94b8511bffe728",
                "sha256:14cd121ea63ecdae71efa69c15c5543a4b5fbcd0bbe2aad864baca0063cecf27",
                "sha256:17771976e82e9f94976180f76468546834d22a7cc404b17c22df2a2c81db0c66",
                "sha256:181dee03b1170ff1969489acf1c26533710231c58f95534e3edac87fff06c443",
                "sha256:23cfe892bd5dd8941608f93348c0737e369e51c100d03718f108bf1add7bd6d0",
                "sha256:263cc3d821c4ab2213cbe8cd8b355a7f72a8324577dc865ef98487c1aeee2bc7",
                "sha256:2756c88cbb94231c7a147402476be2c4df2f6078099a6f4a480d239a8817ae39",
                "sha256:27c219baf94952ae9d50ec19651a687b826792055353d07648a5695413e0c605",
                "sha256:2a23af14f408d53d5e6cd4e3d9a24ff9e05906ad574822a10563efcef137979a",
                "sha256:31fb708d9d7c3f49a60f04cf5b119aeefe5644daba1cd2a0fe389b674fd1de37",
                "sha256:3415c89f9204ee60cd09b235810be700e993e343a408693e80ce7f6a40108029",
                "sha256:3773c4d81e6e818df2efbc7dd77325ca0dcb688116050fb2b3011218eda36139",
                "sha256:3b96a311ac60a3f6be21d2572e46ce67f09abcf4d09344c49274eb9e0bf345fc",
                "sha256:3f7d084648d77af029acb79a0ff49a0ad7e9d09057a9bf46596dac9514dc07df",
                "sha256:41d45de54cd277a7878919867c0f08b0cf817605e4eb94093e7516505d3c8d14",
                "sha256:4238e6dab5d6a8ba812de994bbb0a79bddbdf80994e4ce802b6f6f3142fcc880",
                "sha256:45db3a33139e9c8f7c09234b5784a5e33d31fd6907800b316decad50af323ff2",
                "sha256:45e8636704eacc432a206ac7345a5d3d2c62d95a507ec70d62f23cd91770482a",
                "sha256:4958391dbd6249d7ad855b9ca88fae690783a6be9e86df65865058ed81fc860e",
                "sha256:4a306fa632e8f0928956a41fa8e1d6243c71e7eb59ffbd165fc0b41e316b2474",
                "sha256:57e9ac9ccc3101fac9d6014fba037473e4358ef4e89f8e181f8951a2c0162024",
                "sha256:59888172256cac5629e60e72e86598027aca6bf01fa2465bdb676d37636573e8",
                "sha256:5e069f72d497312b24fcc02073d70cb989045d1c91cbd53979366077959933e0",
                "sha256:64d4ec9f448dfe041705426000cc13e34e6e5bb13736e9fd62e34a0b0c41566e",
                "sha256:6dc2737a3674b3e344847c8686cf29e500584ccad76204efea14f451d4cc669a",
                "sha256:74fdfdbfdc48d3f47148976f49fab3251e550a8720bebc99bf1483f5bfb5db3e",
                "sha256:75e4024375654472cc27e91cbe9eaa08567f7fbdf822638be2814ce059f58032",
                "sha256:786902fb9ba7433aae840e0ed609f45c7bcd4e225ebb9c753aa39725bb3e6ad6",
                "sha256:8b6c2ea03845c9f501ed1313e78de148cd3f6cad741a75d43a29b43da27f2e1e",
                "sha256:91d77d2a782be4274da750752bb1650a97bfd8f291022b379bb8e01c66b4e96b",
                "sha256:91ec59c33514b7c7559a6acda53bbfe1b283949c34fe7440bcf917f96ac0723e",
                "sha256:920f0d66a896c2d99f0adbb391f990a84091179542c205fa53ce5787aff87954",
                "sha256:a5263e363c27b653a90078143adb3d076c1a748ec9ecc78ea2fb916f9b861962",
                "sha256:abb9a20a72ac4e0fdb50dae135ba5e77880518e742077ced47eb1499e29a443c",
                "sha256:c2051981a968d7de9dd2d7b87bcb9c939c74a34626a6e2f8181455dd49ed69e4",
                "sha256:c21c9e3896c23007803a875460fb786118f0cdd4434359577ea25eb556e34c55",
                "sha256:c2502a1a03b6312837279c8c1bd3ebedf6c12c4228ddbad40912d671ccc8a962",
                "sha256:d4d692a89c5cf08a8557fdeb329b82e7bf609aadfaed6c0d79f5a449a3c7c023",
                "sha256:da5db4e883f1ce37f55c667e5c0de439df76ac4cb55964655906306918e7363c",
                "sha256:e7022a66d9b55e93e1a845d8c9eba2a1bebd4966cd8bfc25d9cd07d515b33fa6",
                "sha256:ef1f279350da2c586a69d32fc8733092fd32cc8ac95139a00377841f59a3f8d8",
                "sha256:f54a64f8b0c8ff0b64d18aa76675262e1700f3995182267998c31ae974fbc382",
                "sha256:f5c7150ad32ba43a07c4479f40241756145a1f03b43480e058cfd862bf5041c7",
                "sha256:f6f824dc3bce0edab5f427efcfb1d63ee75b6fcb7282900ccaf925be84efb0fc",
                "sha256:fd8a250edc26254fe5b33be00402e6d287f562b6a5b2152dec302fa15bb3e997",
                "sha256:ffaa5c925128e29efbde7301d8ecaf35c8c60ffbcd6a1ffd3a552177c8e5e796"
            ],
            "version": "==1.15.0"
        },
        "chardet": {
            "hashes": [
                "sha256:84ab92ed1c4d4f16916e05906b6b75a6c0fb5db821cc65e70cbd64a3e2a5eaae",
                "sha256:fc323ffcaeaed0e0a02bf4d117757b98aed530d9ed4531e3e15460124c106691"
            ],
            "version": "==3.0.4"
        },
        "cryptography": {
            "hashes": [
                "sha256:0d39a93cf25edeae1f796bbc5960e587f34513a852564f6345ea4491a86c5997",
                "sha256:18d0b0fc21f39b35ea469a82584f55eeecec1f65a92d85af712c425bdef627b3",
                "sha256:27a208b9600166976182351174948e128818e7fc95cbdba18143f3106a211546",
                "sha256:28e4e9a97713aa47b5ef9c5003def2eb58aec89781ef3ef82b1c2916a8b0639b",
                "sha256:2cfcee8829c5dec55597826d52c26bc26e7ce39adb4771584459d0636b0b7108",
                "sha256:33b564196dcd563e309a0b07444e31611368afe3a3822160c046f5e4c3b5cdd7",
                "sha256:41f94194ae78f83fd94ca94fb8ad65f92210a76a2421169ffa5c33c3ec7605f4",
                "sha256:4f385ee7d39ee1ed74f1d6b1da03d0734ea82855a7b28a9e6e88c4091bc58664",
                "sha256:55555d784cfdf9033e81f044c0df04babed2aa141213765d960d233b0139e353",
                "sha256:69285f5615507b6625f89ea1048addd1d9218585fb886eb90bdebb1d2b2d26f5",
                "sha256:6cb1224da391fa90f1be524eafb375b62baf8d3df9690b32e8cc475ccfccee5e",
                "sha256:6fb22f63e17813f3d1d8e30dd1e249e2c34233ba1d3de977fd31cb5db764c7d0",
                "sha256:7a2409f1564c84bcf2563d379c9b6148c5bc6b0ae46e109f6a7b4bebadf551df",
                "sha256:8487524a1212223ca6dc7e2c8913024618f7ff29855c98869088e3818d5f6733",
                "sha256:9a2945efcff84830c8e237ab037d0269380d75d400a89cc9e5628e52647e21be",
                "sha256:9a47a80f65f4feaaf8415a40c339806c7d7d867152ddccc6ca87f707c8b7b565",
                "sha256:a3c180d12ffb1d8ee5b33a514a5bcb2a9cc06cc89aa74038015591170c82f55d",
                "sha256:a5f2c681fd040ed648513939a1dd2242af19bd5e9e79e53b6dcfa33bdae61217",
                "sha256:b984523d28737e373c7c35c8b6db6001537609d47534892de189bebebaa42a47",
                "sha256:d18df9cf3f3212df28d445ea82ce702c4d7a35817ef7a38ee38879ffa8f7e857",
                "sha256:e4d967371c5b6b2e67855066471d844c5d52d210c36c28d49a8507b96e2c5291",
                "sha256:ee245f185fae723133511e2450be08a66c2eebb53ad27c0c19b228029f4748a5",
                "sha256:fc2208d95d9ecc8032f5e38330d5ace2e3b0b998e42b08c30c35b2ab3a4a3bc8"
            ],
            "index": "pypi",
            "version": "==2.1.4"
        },
        "fire": {
            "hashes": [
                "sha256:d84cea3e37c7f17fe8751688b678d77cca76fb0574db5ae171ca593511c0395c"
            ],
            "index": "pypi",
            "version": "==0.1.2"
        },
        "idna": {
            "hashes": [
                "sha256:2c6a5de3089009e3da7c5dde64a141dbc8551d5b7f6cf4ed7c2568d0cc520a8f",
                "sha256:8c7309c718f94b3a625cb648ace320157ad16ff131ae0af362c9f21b80ef6ec4"
            ],
            "version": "==2.6"
        },
        "paramiko": {
            "hashes": [
                "sha256:f7740f3ac011da4f8030c4d882bcad6344ef7e5728cf991eef90fccef2963aab",
                "sha256:fa6b4f5c9d88f27c60fd9578146ff24e99d4b9f63391ff1343305bfd766c4660"
            ],
            "index": "pypi",
            "version": "==2.3.1"
        },
        "pika": {
            "hashes": [
                "sha256:4bff8f1b8f0db97a021c0df97afa093e8d291bd0ae1f75cd55961614619b6382",
                "sha256:b87fd6b339450f531b8cba3bc02d8448cab15798032c02b7601367d09abc3818"
            ],
            "index": "pypi",
            "version": "==0.11.0"
        },
        "pyasn1": {
            "hashes": [
                "sha256:014c0e9976956a08139dc0712ae195324a75e142284d5f87f1a87ee1b068a359",
                "sha256:03840c999ba71680a131cfaee6fab142e1ed9bbd9c693e285cc6aca0d555e576",
                "sha256:0458773cfe65b153891ac249bcf1b5f8f320b7c2ce462151f8fa74de8934becf",
                "sha256:08c3c53b75eaa48d71cf8c710312316392ed40899cb34710d092e96745a358b7",
                "sha256:39c7e2ec30515947ff4e87fb6f456dfc6e84857d34be479c9d4a4ba4bf46aa5d",
                "sha256:5c9414dcfede6e441f7e8f81b43b34e834731003427e5b09e4e00e3172a10f00",
                "sha256:6e7545f1a61025a4e58bb336952c5061697da694db1cae97b116e9c46abcf7c8",
                "sha256:78fa6da68ed2727915c4767bb386ab32cdba863caa7dbe473eaae45f9959da86",
                "sha256:7ab8a544af125fb704feadb008c99a88805126fb525280b2270bb25cc1d78a12",
                "sha256:99fcc3c8d804d1bc6d9a099921e39d827026409a58f2a720dcdb89374ea0c776",
                "sha256:aef77c9fb94a3ac588e87841208bdec464471d9871bd5050a287cc9a475cd0ba",
                "sha256:e89bf84b5437b532b0803ba5c9a5e054d21fec423a89952a74f87fa2c9b7bce2",
                "sha256:fec3e9d8e36808a28efb59b489e4528c10ad0f480e57dcc32b4de5c9d8c9fdf3"
            ],
            "version": "==0.4.8"
        },
        "pycparser": {
            "hashes": [
                "sha256:8ee45429555515e1f6b185e78100aea234072576aa43ab53aefcae078162fca9",
                "sha256:e644fdec12f7872f86c58ff790da456218b10f863970249516d60a5eaca77206"
            ],
            "version": "==2.21"
        },
        "pycurl": {
            "hashes": [
                "sha256:024fba378134633694b7a64ec7cb8ef9a98e3ce6b5635247b51b7282b96f33de",
                "sha256:074a565bc33cfc484fa87339136876f1d8176bd30bb214235e11382b363beef9",
                "sha256:1339972f6faf9e7feb54e0d62b018dcea6c99fb5ca46fef4a8d20c2a810d1f2d",
                "sha256:1ba222eafcb740805d5c9fe778a47d2704bf764abe9a2546de90f159e4c3a116",
                "sha256:26dcfb05ecbaa27ffaa71a4a3add217ec9e1cee2998b727e1b9e6eff7264d5f8",
                "sha256:30983ec2f88ee0d26d290f276563c26bc1d302f1f6fc447092368bce7a93f0ea",
                "sha256:36c3a2d6b4ca31f39ac84fe9b7616d338191f956710c7912c546ffef18600f2f",
                "sha256:39a7399e7da031f4648bd6ea273b02c0cf203471b63fe3629d19ebfd13e5701f",
                "sha256:413b82b25795dcd0656e2d254892a16f531d88eccabc3a97c9c9451781caf5e8",
                "sha256:59f637ffe21a90b6155df34b9fdf3030b6453859110db8700bf17f569c6449d6",
                "sha256:614687bdc73246ce85f73b7199d533a222efdda954e84a6bd692fef25fa3b6ac",
                "sha256:61d4b1a2dc1ecdb3b6d4188d63ab884e8768cfc85f37f48c481935b784920137",
                "sha256:7d1ffc138132a7dcb322d41b1f7d5ed7e2f9bb0dea3103ae5ca25fae2a1f689b",
                "sha256:826866c43ef532b7633e24332b7f4bc6b309e72b33631c2b06258fdb284dd55b",
                "sha256:89758f2375fe44b139fcc11e305a060c75a4a89178b5066a3894055fe069a80e",
                "sha256:9075d35c8bafb96a836a7558b37fe697ec04646f76239254b06e87eb360097c7",
                "sha256:991d221a59c5546370e618241ec05e7d85efd7c5126fb33387de0a12c2cfe8e4",
                "sha256:9997e9994860cc99f2622de4133e0dd1756797852645dc6942b58142014f2e59",
                "sha256:9db493308f092b87d8113cea322886f07c2f1b64f9839dffd4a65c300f91244b",
                "sha256:aa975c19b79b6aa6c0518c0cc2ae33528900478f0b500531dbcdbf05beec584c",
                "sha256:b0af8badfda56b175e190cf0fb1a18d2bd600a677d3b5d9f7a579823eec74fa4",
                "sha256:d6ac0f902cb82cab13bc9488fb5240cf86325bd24800dc5ab677f8044993f6fc",
                "sha256:d6cb0917ce564c9edc377ae436bc0963ee72be8873c90bcce7470f1670c3baef",
                "sha256:de2980f2839029ffa2917fcc1eb84b2dc736f0a30a5413645e514a2b61df04ed",
                "sha256:f614c93422f31761764a002297b56a0c7f0aeaee7badb0fb43764bda13467697"
            ],
            "index": "pypi",
            "version": "==7.43"
        },
        "pyjwt": {
            "hashes": [
                "sha256:72d1d253f32dbd4f5c88eaf1fdc62f3a19f676ccbadb9dbc5d07e951b2b26daf",
                "sha256:d42908208c699b3b973cbeb01a969ba6a96c821eefb1c5bfe4c390c01d67abba"
            ],
            "index": "pypi",
            "version": "==2.4.0"
        },
        "pymysql": {
            "hashes": [
                "sha256:56e3f5bcef6501012233620b54f6a7b8a34edc5751e85e4e3da9a0d808df5f68",
                "sha256:ac3dfb1f650582eca2e1e0701598bc04364ac464daa425cbbc26bb32ae54cdd5"
            ],
            "index": "pypi",
            "version": "==0.7.11"
        },
        "pynacl": {
            "hashes": [
                "sha256:06b8f6fa7f5de8d5d2f7573fe8c863c051225a27b61e6860fd047b1775807858",
                "sha256:0c84947a22519e013607c9be43706dd42513f9e6ae5d39d3613ca1e142fba44d",
                "sha256:20f42270d27e1b6a29f54032090b972d97f0a1b0948cc52392041ef7831fee93",
                "sha256:401002a4aaa07c9414132aaed7f6836ff98f59277a234704ff66878c2ee4a0d1",
                "sha256:52cb72a79269189d4e0dc537556f4740f7f0a9ec41c1322598799b0bdad4ef92",
                "sha256:61f642bf2378713e2c2e1de73444a3778e5f0a38be6fee0fe532fe30060282ff",
                "sha256:8ac7448f09ab85811607bdd21ec2464495ac8b7c66d146bf545b0f08fb9220ba",
                "sha256:a36d4a9dda1f19ce6e03c9a784a2921a4b726b02e1c736600ca9c22029474394",
                "sha256:a422368fc821589c228f4c49438a368831cb5bbc0eab5ebe1d7fac9dded6567b",
                "sha256:e46dae94e34b085175f8abb3b0aaa7da40767865ac82c928eeb9e57e1ea8a543"
            ],
            "markers": "python_version >= '3.6'",
            "version": "==1.5.0"
        },
        "pyotp": {
            "hashes": [
                "sha256:8f0df1fcf9e86cec41f0a31c91212b1a04fca6dd353426917222b21864b9310b",
                "sha256:dd9130dd91a0340d89a0f06f887dbd76dd07fb95a8886dc4bc401239f2eebd69"
            ],
            "index": "pypi",
            "version": "==2.2.6"
        },
        "redis": {
            "hashes": [
                "sha256:8a1900a9f2a0a44ecf6e8b5eb3e967a9909dfed219ad66df094f27f7d6f330fb",
                "sha256:a22ca993cea2962dbb588f9f30d0015ac4afcc45bee27d3978c0dbe9e97c6c0f"
            ],
            "index": "pypi",
            "version": "==2.10.6"
        },
        "requests": {
            "hashes": [
                "sha256:6a1b267aa90cac58ac3a765d067950e7dbbf75b1da07e895d1f594193a40a38b",
                "sha256:9c443e7324ba5b85070c4a818ade28bfabedf16ea10206da1132edaa6dda237e"
            ],
            "index": "pypi",
            "version": "==2.18.4"
        },
        "shortuuid": {
            "hashes": [
                "sha256:d08fd398f40f8baf87e15eef8355e92fa541bca4eb8465fefab7ee22f92711b9"
            ],
            "index": "pypi",
            "version": "==0.5.0"
        },
        "six": {
            "hashes": [
                "sha256:1e61c37477a1626458e36f7b1d82aa5c9b094fa4802892072e49de9c60c4c926",
                "sha256:8abb2f1d86890a2dfb989f9a77cfcfd3e47c2a354b01111771326f8aa26e0254"
            ],
            "markers": "python_version >= '2.7' and python_version not in '3.0, 3.1, 3.2, 3.3'",
            "version": "==1.16.0"
        },
        "sqlalchemy": {
            "hashes": [
                "sha256:f1191e29e35b6fe1aef7175a09b1707ebb7bd08d0b17cb0feada76c49e5a2d1e"
            ],
            "index": "pypi",
            "version": "==1.1.14"
        },
        "tornado": {
            "hashes": [
                "sha256:5ef073ac6180038ccf99411fe05ae9aafb675952a2c8db60592d5daf8401f803",
                "sha256:6d14e47eab0e15799cf3cdcc86b0b98279da68522caace2bd7ce644287685f0a",
                "sha256:92b7ca81e18ba9ec3031a7ee73d4577ac21d41a0c9b775a9182f43301c3b5f8e",
                "sha256:ab587996fe6fb9ce65abfda440f9b61e4f9f2cf921967723540679176915e4c3",
                "sha256:b36298e9f63f18cad97378db2222c0e0ca6a55f6304e605515e05a25483ed51a"
            ],
            "index": "pypi",
            "version": "==4.5.3"
        },
        "urllib3": {
            "hashes": [
                "sha256:06330f386d6e4b195fbfc736b297f58c5a892e4440e54d294d7004e3a9bbea1b",
                "sha256:cc44da8e1145637334317feebd728bd869a35285b93cbb4cca2577da7e62db4f"
            ],
            "version": "==1.22"
        }
    },
    "develop": {}
}
